PODS:
  - AFNetworking (1.3.3)
  - CocoaLumberjack (1.8.1):
    - CocoaLumberjack/Extensions
  - CocoaLumberjack/Core (1.8.1)
  - CocoaLumberjack/Extensions (1.8.1):
    - CocoaLumberjack/Core
  - RestKit (0.20.3):
    - RestKit/Core
  - RestKit/Core (0.20.3):
    - RestKit/CoreData
    - RestKit/Network
    - RestKit/ObjectMapping
  - RestKit/CoreData (0.20.3)
  - RestKit/Network (0.20.3):
    - AFNetworking (~> 1.3.0)
    - RestKit/ObjectMapping
    - RestKit/Support
    - SOCKit
  - RestKit/ObjectMapping (0.20.3)
  - RestKit/Support (0.20.3):
    - TransitionKit (= 1.1.1)
  - RKXMLDictionarySerialization (1.0.0):
    - RestKit
  - SOCKit (1.1)
  - TransitionKit (1.1.1)
  - XMLDictionary (1.3)

DEPENDENCIES:
  - CocoaLumberjack
  - RestKit (~> 0.20.0)
  - RKXMLDictionarySerialization (from `https://github.com/DZamataev/RKXMLDictionarySerialization.git`, branch `master`)
  - XMLDictionary (from `https://github.com/DZamataev/XMLDictionary.git`, branch `master`)

EXTERNAL SOURCES:
  RKXMLDictionarySerialization:
    :branch: master
    :git: https://github.com/DZamataev/RKXMLDictionarySerialization.git
  XMLDictionary:
    :branch: master
    :git: https://github.com/DZamataev/XMLDictionary.git

SPEC CHECKSUMS:
  AFNetworking: 61fdd49e2ffe6380378df37b3b6e70630bb9dd66
  CocoaLumberjack: 020378ec400d658923bf5887178394f65f052c90
  RestKit: 1f181c180105a92f11ec4f6cd7de37625e516d83
  RKXMLDictionarySerialization: cc1e599a60bee9a92e3f08ce0f883923629d090b
  SOCKit: 2f3bc4d07910de12dcc202815e07db68a3802581
  TransitionKit: d0e3344aac92991395d4c2e72d9c5a8ceeb12910
  XMLDictionary: 27390d3517062694ccb307a7750250e1b687571d

COCOAPODS: 0.29.0
